// !$*UTF8*$!
{
	archiveVersion = 1;
	classes = {
	};
	objectVersion = 51;
	objects = {

/* Begin PBXBuildFile section */
		251225A06318659E821460C9 /* Pods_MVVM_CA_test_MVVM_CA_testUITests.framework in Frameworks */ = {isa = PBXBuildFile; fileRef = 5F0BB7A5B89E01C1D1EDD4EB /* Pods_MVVM_CA_test_MVVM_CA_testUITests.framework */; };
		4D2C137925E7891D00A256C6 /* HomeAssembler.swift in Sources */ = {isa = PBXBuildFile; fileRef = 4D2C137825E7891D00A256C6 /* HomeAssembler.swift */; };
		4D97BA3625E6AEE8007C32A7 /* Router.swift in Sources */ = {isa = PBXBuildFile; fileRef = 4D97BA3525E6AEE8007C32A7 /* Router.swift */; };
		4D97BA4F25E6B20D007C32A7 /* HomeRouter.swift in Sources */ = {isa = PBXBuildFile; fileRef = 4D97BA4E25E6B20D007C32A7 /* HomeRouter.swift */; };
		4DE15D1425E7B5D40021BCAE /* Manager.swift in Sources */ = {isa = PBXBuildFile; fileRef = 4DE15D1325E7B5D40021BCAE /* Manager.swift */; };
		4DE7EBDA25E4FE7600DE1122 /* AppDelegate.swift in Sources */ = {isa = PBXBuildFile; fileRef = 4DE7EBD925E4FE7600DE1122 /* AppDelegate.swift */; };
		4DE7EBDC25E4FE7600DE1122 /* SceneDelegate.swift in Sources */ = {isa = PBXBuildFile; fileRef = 4DE7EBDB25E4FE7600DE1122 /* SceneDelegate.swift */; };
		4DE7EBDE25E4FE7600DE1122 /* HomeViewController.swift in Sources */ = {isa = PBXBuildFile; fileRef = 4DE7EBDD25E4FE7600DE1122 /* HomeViewController.swift */; };
		4DE7EBE125E4FE7600DE1122 /* Main.storyboard in Resources */ = {isa = PBXBuildFile; fileRef = 4DE7EBDF25E4FE7600DE1122 /* Main.storyboard */; };
		4DE7EBE325E4FE7700DE1122 /* Assets.xcassets in Resources */ = {isa = PBXBuildFile; fileRef = 4DE7EBE225E4FE7700DE1122 /* Assets.xcassets */; };
		4DE7EBE625E4FE7700DE1122 /* LaunchScreen.storyboard in Resources */ = {isa = PBXBuildFile; fileRef = 4DE7EBE425E4FE7700DE1122 /* LaunchScreen.storyboard */; };
		4DE7EBF125E4FE7700DE1122 /* MVVM_CA_testTests.swift in Sources */ = {isa = PBXBuildFile; fileRef = 4DE7EBF025E4FE7700DE1122 /* MVVM_CA_testTests.swift */; };
		4DE7EBFC25E4FE7700DE1122 /* MVVM_CA_testUITests.swift in Sources */ = {isa = PBXBuildFile; fileRef = 4DE7EBFB25E4FE7700DE1122 /* MVVM_CA_testUITests.swift */; };
		4DE7EC1E25E4FF3A00DE1122 /* LoadingState.swift in Sources */ = {isa = PBXBuildFile; fileRef = 4DE7EC1D25E4FF3A00DE1122 /* LoadingState.swift */; };
		4DE7ECA825E5030E00DE1122 /* Config.swift in Sources */ = {isa = PBXBuildFile; fileRef = 4DE7ECA725E5030E00DE1122 /* Config.swift */; };
		4DE7ECE025E5045E00DE1122 /* BeerViewModel.swift in Sources */ = {isa = PBXBuildFile; fileRef = 4DE7ECDF25E5045E00DE1122 /* BeerViewModel.swift */; };
		A28B5787C4F0E18790BCC556 /* Pods_MVVM_CA_testTests.framework in Frameworks */ = {isa = PBXBuildFile; fileRef = B73CE21E885AC7EBFDFC3E4A /* Pods_MVVM_CA_testTests.framework */; };
		C71EC500003B01E22C3006A7 /* Pods_MVVM_CA_test.framework in Frameworks */ = {isa = PBXBuildFile; fileRef = 6106109B6165396337277893 /* Pods_MVVM_CA_test.framework */; };
/* End PBXBuildFile section */

/* Begin PBXContainerItemProxy section */
		4DE7EBED25E4FE7700DE1122 /* PBXContainerItemProxy */ = {
			isa = PBXContainerItemProxy;
			containerPortal = 4DE7EBCE25E4FE7500DE1122 /* Project object */;
			proxyType = 1;
			remoteGlobalIDString = 4DE7EBD525E4FE7600DE1122;
			remoteInfo = MVVM_CA_test;
		};
		4DE7EBF825E4FE7700DE1122 /* PBXContainerItemProxy */ = {
			isa = PBXContainerItemProxy;
			containerPortal = 4DE7EBCE25E4FE7500DE1122 /* Project object */;
			proxyType = 1;
			remoteGlobalIDString = 4DE7EBD525E4FE7600DE1122;
			remoteInfo = MVVM_CA_test;
		};
/* End PBXContainerItemProxy section */

/* Begin PBXFileReference section */
		4603C3C51B3D0F215D358C3F /* Pods-MVVM_CA_testTests.debug.xcconfig */ = {isa = PBXFileReference; includeInIndex = 1; lastKnownFileType = text.xcconfig; name = "Pods-MVVM_CA_testTests.debug.xcconfig"; path = "Target Support Files/Pods-MVVM_CA_testTests/Pods-MVVM_CA_testTests.debug.xcconfig"; sourceTree = "<group>"; };
		4D2C137825E7891D00A256C6 /* HomeAssembler.swift */ = {isa = PBXFileReference; lastKnownFileType = sourcecode.swift; name = HomeAssembler.swift; path = MVVM_CA_test/HomeAssembler.swift; sourceTree = SOURCE_ROOT; };
		4D97BA3525E6AEE8007C32A7 /* Router.swift */ = {isa = PBXFileReference; lastKnownFileType = sourcecode.swift; path = Router.swift; sourceTree = "<group>"; };
		4D97BA4E25E6B20D007C32A7 /* HomeRouter.swift */ = {isa = PBXFileReference; lastKnownFileType = sourcecode.swift; path = HomeRouter.swift; sourceTree = "<group>"; };
		4DE15D1325E7B5D40021BCAE /* Manager.swift */ = {isa = PBXFileReference; fileEncoding = 4; lastKnownFileType = sourcecode.swift; path = Manager.swift; sourceTree = "<group>"; };
		4DE7EBD625E4FE7600DE1122 /* MVVM_CA_test.app */ = {isa = PBXFileReference; explicitFileType = wrapper.application; includeInIndex = 0; path = MVVM_CA_test.app; sourceTree = BUILT_PRODUCTS_DIR; };
		4DE7EBD925E4FE7600DE1122 /* AppDelegate.swift */ = {isa = PBXFileReference; lastKnownFileType = sourcecode.swift; path = AppDelegate.swift; sourceTree = "<group>"; };
		4DE7EBDB25E4FE7600DE1122 /* SceneDelegate.swift */ = {isa = PBXFileReference; lastKnownFileType = sourcecode.swift; path = SceneDelegate.swift; sourceTree = "<group>"; };
		4DE7EBDD25E4FE7600DE1122 /* HomeViewController.swift */ = {isa = PBXFileReference; lastKnownFileType = sourcecode.swift; path = HomeViewController.swift; sourceTree = "<group>"; };
		4DE7EBE025E4FE7600DE1122 /* Base */ = {isa = PBXFileReference; lastKnownFileType = file.storyboard; name = Base; path = Base.lproj/Main.storyboard; sourceTree = "<group>"; };
		4DE7EBE225E4FE7700DE1122 /* Assets.xcassets */ = {isa = PBXFileReference; lastKnownFileType = folder.assetcatalog; path = Assets.xcassets; sourceTree = "<group>"; };
		4DE7EBE525E4FE7700DE1122 /* Base */ = {isa = PBXFileReference; lastKnownFileType = file.storyboard; name = Base; path = Base.lproj/LaunchScreen.storyboard; sourceTree = "<group>"; };
		4DE7EBE725E4FE7700DE1122 /* Info.plist */ = {isa = PBXFileReference; lastKnownFileType = text.plist.xml; path = Info.plist; sourceTree = "<group>"; };
		4DE7EBEC25E4FE7700DE1122 /* MVVM_CA_testTests.xctest */ = {isa = PBXFileReference; explicitFileType = wrapper.cfbundle; includeInIndex = 0; path = MVVM_CA_testTests.xctest; sourceTree = BUILT_PRODUCTS_DIR; };
		4DE7EBF025E4FE7700DE1122 /* MVVM_CA_testTests.swift */ = {isa = PBXFileReference; lastKnownFileType = sourcecode.swift; path = MVVM_CA_testTests.swift; sourceTree = "<group>"; };
		4DE7EBF225E4FE7700DE1122 /* Info.plist */ = {isa = PBXFileReference; lastKnownFileType = text.plist.xml; path = Info.plist; sourceTree = "<group>"; };
		4DE7EBF725E4FE7700DE1122 /* MVVM_CA_testUITests.xctest */ = {isa = PBXFileReference; explicitFileType = wrapper.cfbundle; includeInIndex = 0; path = MVVM_CA_testUITests.xctest; sourceTree = BUILT_PRODUCTS_DIR; };
		4DE7EBFB25E4FE7700DE1122 /* MVVM_CA_testUITests.swift */ = {isa = PBXFileReference; lastKnownFileType = sourcecode.swift; path = MVVM_CA_testUITests.swift; sourceTree = "<group>"; };
		4DE7EBFD25E4FE7700DE1122 /* Info.plist */ = {isa = PBXFileReference; lastKnownFileType = text.plist.xml; path = Info.plist; sourceTree = "<group>"; };
		4DE7EC1D25E4FF3A00DE1122 /* LoadingState.swift */ = {isa = PBXFileReference; fileEncoding = 4; lastKnownFileType = sourcecode.swift; path = LoadingState.swift; sourceTree = "<group>"; };
		4DE7ECA725E5030E00DE1122 /* Config.swift */ = {isa = PBXFileReference; lastKnownFileType = sourcecode.swift; path = Config.swift; sourceTree = "<group>"; };
		4DE7ECDF25E5045E00DE1122 /* BeerViewModel.swift */ = {isa = PBXFileReference; lastKnownFileType = sourcecode.swift; path = BeerViewModel.swift; sourceTree = "<group>"; };
		538E6F66304E9EAF4EEDE5E0 /* Pods-MVVM_CA_test-MVVM_CA_testUITests.debug.xcconfig */ = {isa = PBXFileReference; includeInIndex = 1; lastKnownFileType = text.xcconfig; name = "Pods-MVVM_CA_test-MVVM_CA_testUITests.debug.xcconfig"; path = "Target Support Files/Pods-MVVM_CA_test-MVVM_CA_testUITests/Pods-MVVM_CA_test-MVVM_CA_testUITests.debug.xcconfig"; sourceTree = "<group>"; };
		5F0BB7A5B89E01C1D1EDD4EB /* Pods_MVVM_CA_test_MVVM_CA_testUITests.framework */ = {isa = PBXFileReference; explicitFileType = wrapper.framework; includeInIndex = 0; path = Pods_MVVM_CA_test_MVVM_CA_testUITests.framework; sourceTree = BUILT_PRODUCTS_DIR; };
		6106109B6165396337277893 /* Pods_MVVM_CA_test.framework */ = {isa = PBXFileReference; explicitFileType = wrapper.framework; includeInIndex = 0; path = Pods_MVVM_CA_test.framework; sourceTree = BUILT_PRODUCTS_DIR; };
		821B437AA5FECFE3CB5DA324 /* Pods-MVVM_CA_test.debug.xcconfig */ = {isa = PBXFileReference; includeInIndex = 1; lastKnownFileType = text.xcconfig; name = "Pods-MVVM_CA_test.debug.xcconfig"; path = "Target Support Files/Pods-MVVM_CA_test/Pods-MVVM_CA_test.debug.xcconfig"; sourceTree = "<group>"; };
		B73CE21E885AC7EBFDFC3E4A /* Pods_MVVM_CA_testTests.framework */ = {isa = PBXFileReference; explicitFileType = wrapper.framework; includeInIndex = 0; path = Pods_MVVM_CA_testTests.framework; sourceTree = BUILT_PRODUCTS_DIR; };
		BC3A17C0C0857C2B63ACEAE0 /* Pods-MVVM_CA_test-MVVM_CA_testUITests.release.xcconfig */ = {isa = PBXFileReference; includeInIndex = 1; lastKnownFileType = text.xcconfig; name = "Pods-MVVM_CA_test-MVVM_CA_testUITests.release.xcconfig"; path = "Target Support Files/Pods-MVVM_CA_test-MVVM_CA_testUITests/Pods-MVVM_CA_test-MVVM_CA_testUITests.release.xcconfig"; sourceTree = "<group>"; };
		D191BD1509F66437261A7C00 /* Pods-MVVM_CA_testTests.release.xcconfig */ = {isa = PBXFileReference; includeInIndex = 1; lastKnownFileType = text.xcconfig; name = "Pods-MVVM_CA_testTests.release.xcconfig"; path = "Target Support Files/Pods-MVVM_CA_testTests/Pods-MVVM_CA_testTests.release.xcconfig"; sourceTree = "<group>"; };
		DF940D80AA9CD2283FCD856A /* Pods-MVVM_CA_test.release.xcconfig */ = {isa = PBXFileReference; includeInIndex = 1; lastKnownFileType = text.xcconfig; name = "Pods-MVVM_CA_test.release.xcconfig"; path = "Target Support Files/Pods-MVVM_CA_test/Pods-MVVM_CA_test.release.xcconfig"; sourceTree = "<group>"; };
/* End PBXFileReference section */

/* Begin PBXFrameworksBuildPhase section */
		4DE7EBD325E4FE7600DE1122 /* Frameworks */ = {
			isa = PBXFrameworksBuildPhase;
			buildActionMask = 2147483647;
			files = (
				C71EC500003B01E22C3006A7 /* Pods_MVVM_CA_test.framework in Frameworks */,
			);
			runOnlyForDeploymentPostprocessing = 0;
		};
		4DE7EBE925E4FE7700DE1122 /* Frameworks */ = {
			isa = PBXFrameworksBuildPhase;
			buildActionMask = 2147483647;
			files = (
				A28B5787C4F0E18790BCC556 /* Pods_MVVM_CA_testTests.framework in Frameworks */,
			);
			runOnlyForDeploymentPostprocessing = 0;
		};
		4DE7EBF425E4FE7700DE1122 /* Frameworks */ = {
			isa = PBXFrameworksBuildPhase;
			buildActionMask = 2147483647;
			files = (
				251225A06318659E821460C9 /* Pods_MVVM_CA_test_MVVM_CA_testUITests.framework in Frameworks */,
			);
			runOnlyForDeploymentPostprocessing = 0;
		};
/* End PBXFrameworksBuildPhase section */

/* Begin PBXGroup section */
		4D2C137725E7890A00A256C6 /* Assembler */ = {
			isa = PBXGroup;
			children = (
				4D2C137825E7891D00A256C6 /* HomeAssembler.swift */,
			);
			path = Assembler;
			sourceTree = "<group>";
		};
		4DE15CD825E7B10E0021BCAE /* Manager */ = {
			isa = PBXGroup;
			children = (
				4DE15D1325E7B5D40021BCAE /* Manager.swift */,
			);
			path = Manager;
			sourceTree = "<group>";
		};
		4DE15D0725E7B41C0021BCAE /* ViewModel */ = {
			isa = PBXGroup;
			children = (
				4DE7ECDF25E5045E00DE1122 /* BeerViewModel.swift */,
			);
			path = ViewModel;
			sourceTree = "<group>";
		};
		4DE15D0825E7B4280021BCAE /* ViewController */ = {
			isa = PBXGroup;
			children = (
				4DE7EBDD25E4FE7600DE1122 /* HomeViewController.swift */,
			);
			path = ViewController;
			sourceTree = "<group>";
		};
		4DE15D0925E7B4410021BCAE /* Router */ = {
			isa = PBXGroup;
			children = (
				4D97BA3525E6AEE8007C32A7 /* Router.swift */,
				4D97BA4E25E6B20D007C32A7 /* HomeRouter.swift */,
			);
			path = Router;
			sourceTree = "<group>";
		};
		4DE7EBCD25E4FE7500DE1122 = {
			isa = PBXGroup;
			children = (
				4DE7EBD825E4FE7600DE1122 /* MVVM_CA_test */,
				4DE7EBEF25E4FE7700DE1122 /* MVVM_CA_testTests */,
				4DE7EBFA25E4FE7700DE1122 /* MVVM_CA_testUITests */,
				4DE7EBD725E4FE7600DE1122 /* Products */,
				D2FDE43B7B452D027B5F6C1A /* Pods */,
				B0E2BDBD27FE0AA384696576 /* Frameworks */,
			);
			sourceTree = "<group>";
		};
		4DE7EBD725E4FE7600DE1122 /* Products */ = {
			isa = PBXGroup;
			children = (
				4DE7EBD625E4FE7600DE1122 /* MVVM_CA_test.app */,
				4DE7EBEC25E4FE7700DE1122 /* MVVM_CA_testTests.xctest */,
				4DE7EBF725E4FE7700DE1122 /* MVVM_CA_testUITests.xctest */,
			);
			name = Products;
			sourceTree = "<group>";
		};
		4DE7EBD825E4FE7600DE1122 /* MVVM_CA_test */ = {
			isa = PBXGroup;
			children = (
				4DE15CD825E7B10E0021BCAE /* Manager */,
				4DE7ECA625E502FB00DE1122 /* Helpers */,
				4DE7EC1C25E4FF2F00DE1122 /* Loading State */,
				4DE7EC0D25E4FEBA00DE1122 /* Presentation */,
				4DE7EC1025E4FED900DE1122 /* Base */,
				4DE7EBDF25E4FE7600DE1122 /* Main.storyboard */,
				4DE7EBE225E4FE7700DE1122 /* Assets.xcassets */,
				4DE7EBE425E4FE7700DE1122 /* LaunchScreen.storyboard */,
				4DE7EBE725E4FE7700DE1122 /* Info.plist */,
			);
			path = MVVM_CA_test;
			sourceTree = "<group>";
		};
		4DE7EBEF25E4FE7700DE1122 /* MVVM_CA_testTests */ = {
			isa = PBXGroup;
			children = (
				4DE7EBF025E4FE7700DE1122 /* MVVM_CA_testTests.swift */,
				4DE7EBF225E4FE7700DE1122 /* Info.plist */,
			);
			path = MVVM_CA_testTests;
			sourceTree = "<group>";
		};
		4DE7EBFA25E4FE7700DE1122 /* MVVM_CA_testUITests */ = {
			isa = PBXGroup;
			children = (
				4DE7EBFB25E4FE7700DE1122 /* MVVM_CA_testUITests.swift */,
				4DE7EBFD25E4FE7700DE1122 /* Info.plist */,
			);
			path = MVVM_CA_testUITests;
			sourceTree = "<group>";
		};
		4DE7EC0D25E4FEBA00DE1122 /* Presentation */ = {
			isa = PBXGroup;
			children = (
				4D2C137725E7890A00A256C6 /* Assembler */,
				4DE15D0925E7B4410021BCAE /* Router */,
				4DE7ECD525E503C900DE1122 /* Beer */,
			);
			path = Presentation;
			sourceTree = "<group>";
		};
		4DE7EC1025E4FED900DE1122 /* Base */ = {
			isa = PBXGroup;
			children = (
				4DE7EBD925E4FE7600DE1122 /* AppDelegate.swift */,
				4DE7EBDB25E4FE7600DE1122 /* SceneDelegate.swift */,
			);
			path = Base;
			sourceTree = "<group>";
		};
		4DE7EC1C25E4FF2F00DE1122 /* Loading State */ = {
			isa = PBXGroup;
			children = (
				4DE7EC1D25E4FF3A00DE1122 /* LoadingState.swift */,
			);
			path = "Loading State";
			sourceTree = "<group>";
		};
		4DE7ECA625E502FB00DE1122 /* Helpers */ = {
			isa = PBXGroup;
			children = (
				4DE7ECA725E5030E00DE1122 /* Config.swift */,
			);
			path = Helpers;
			sourceTree = "<group>";
		};
		4DE7ECD525E503C900DE1122 /* Beer */ = {
			isa = PBXGroup;
			children = (
				4DE15D0825E7B4280021BCAE /* ViewController */,
				4DE15D0725E7B41C0021BCAE /* ViewModel */,
			);
			path = Beer;
			sourceTree = "<group>";
		};
		B0E2BDBD27FE0AA384696576 /* Frameworks */ = {
			isa = PBXGroup;
			children = (
				6106109B6165396337277893 /* Pods_MVVM_CA_test.framework */,
				5F0BB7A5B89E01C1D1EDD4EB /* Pods_MVVM_CA_test_MVVM_CA_testUITests.framework */,
				B73CE21E885AC7EBFDFC3E4A /* Pods_MVVM_CA_testTests.framework */,
			);
			name = Frameworks;
			sourceTree = "<group>";
		};
		D2FDE43B7B452D027B5F6C1A /* Pods */ = {
			isa = PBXGroup;
			children = (
				821B437AA5FECFE3CB5DA324 /* Pods-MVVM_CA_test.debug.xcconfig */,
				DF940D80AA9CD2283FCD856A /* Pods-MVVM_CA_test.release.xcconfig */,
				538E6F66304E9EAF4EEDE5E0 /* Pods-MVVM_CA_test-MVVM_CA_testUITests.debug.xcconfig */,
				BC3A17C0C0857C2B63ACEAE0 /* Pods-MVVM_CA_test-MVVM_CA_testUITests.release.xcconfig */,
				4603C3C51B3D0F215D358C3F /* Pods-MVVM_CA_testTests.debug.xcconfig */,
				D191BD1509F66437261A7C00 /* Pods-MVVM_CA_testTests.release.xcconfig */,
			);
			path = Pods;
			sourceTree = "<group>";
		};
/* End PBXGroup section */

/* Begin PBXNativeTarget section */
		4DE7EBD525E4FE7600DE1122 /* MVVM_CA_test */ = {
			isa = PBXNativeTarget;
			buildConfigurationList = 4DE7EC0025E4FE7700DE1122 /* Build configuration list for PBXNativeTarget "MVVM_CA_test" */;
			buildPhases = (
				20A5D5AB1ED8C74812D44B09 /* [CP] Check Pods Manifest.lock */,
				4DE7EBD225E4FE7600DE1122 /* Sources */,
				4DE7EBD325E4FE7600DE1122 /* Frameworks */,
				4DE7EBD425E4FE7600DE1122 /* Resources */,
				6DC00EA03F5BEB2DB12E9CCE /* [CP] Embed Pods Frameworks */,
			);
			buildRules = (
			);
			dependencies = (
			);
			name = MVVM_CA_test;
			productName = MVVM_CA_test;
			productReference = 4DE7EBD625E4FE7600DE1122 /* MVVM_CA_test.app */;
			productType = "com.apple.product-type.application";
		};
		4DE7EBEB25E4FE7700DE1122 /* MVVM_CA_testTests */ = {
			isa = PBXNativeTarget;
			buildConfigurationList = 4DE7EC0325E4FE7700DE1122 /* Build configuration list for PBXNativeTarget "MVVM_CA_testTests" */;
			buildPhases = (
				22E00A20C8BB3904E072C98D /* [CP] Check Pods Manifest.lock */,
				4DE7EBE825E4FE7700DE1122 /* Sources */,
				4DE7EBE925E4FE7700DE1122 /* Frameworks */,
				4DE7EBEA25E4FE7700DE1122 /* Resources */,
			);
			buildRules = (
			);
			dependencies = (
				4DE7EBEE25E4FE7700DE1122 /* PBXTargetDependency */,
			);
			name = MVVM_CA_testTests;
			productName = MVVM_CA_testTests;
			productReference = 4DE7EBEC25E4FE7700DE1122 /* MVVM_CA_testTests.xctest */;
			productType = "com.apple.product-type.bundle.unit-test";
		};
		4DE7EBF625E4FE7700DE1122 /* MVVM_CA_testUITests */ = {
			isa = PBXNativeTarget;
			buildConfigurationList = 4DE7EC0625E4FE7700DE1122 /* Build configuration list for PBXNativeTarget "MVVM_CA_testUITests" */;
			buildPhases = (
				E625781B1ABB64FADDF232E9 /* [CP] Check Pods Manifest.lock */,
				4DE7EBF325E4FE7700DE1122 /* Sources */,
				4DE7EBF425E4FE7700DE1122 /* Frameworks */,
				4DE7EBF525E4FE7700DE1122 /* Resources */,
				A9164E11B02DD32C01D397DE /* [CP] Embed Pods Frameworks */,
			);
			buildRules = (
			);
			dependencies = (
				4DE7EBF925E4FE7700DE1122 /* PBXTargetDependency */,
			);
			name = MVVM_CA_testUITests;
			productName = MVVM_CA_testUITests;
			productReference = 4DE7EBF725E4FE7700DE1122 /* MVVM_CA_testUITests.xctest */;
			productType = "com.apple.product-type.bundle.ui-testing";
		};
/* End PBXNativeTarget section */

/* Begin PBXProject section */
		4DE7EBCE25E4FE7500DE1122 /* Project object */ = {
			isa = PBXProject;
			attributes = {
				LastSwiftUpdateCheck = 1240;
				LastUpgradeCheck = 1240;
				TargetAttributes = {
					4DE7EBD525E4FE7600DE1122 = {
						CreatedOnToolsVersion = 12.4;
					};
					4DE7EBEB25E4FE7700DE1122 = {
						CreatedOnToolsVersion = 12.4;
						TestTargetID = 4DE7EBD525E4FE7600DE1122;
					};
					4DE7EBF625E4FE7700DE1122 = {
						CreatedOnToolsVersion = 12.4;
						TestTargetID = 4DE7EBD525E4FE7600DE1122;
					};
				};
			};
			buildConfigurationList = 4DE7EBD125E4FE7500DE1122 /* Build configuration list for PBXProject "MVVM_CA_test" */;
			compatibilityVersion = "Xcode 9.3";
			developmentRegion = en;
			hasScannedForEncodings = 0;
			knownRegions = (
				en,
				Base,
			);
			mainGroup = 4DE7EBCD25E4FE7500DE1122;
			productRefGroup = 4DE7EBD725E4FE7600DE1122 /* Products */;
			projectDirPath = "";
			projectRoot = "";
			targets = (
				4DE7EBD525E4FE7600DE1122 /* MVVM_CA_test */,
				4DE7EBEB25E4FE7700DE1122 /* MVVM_CA_testTests */,
				4DE7EBF625E4FE7700DE1122 /* MVVM_CA_testUITests */,
			);
		};
/* End PBXProject section */

/* Begin PBXResourcesBuildPhase section */
		4DE7EBD425E4FE7600DE1122 /* Resources */ = {
			isa = PBXResourcesBuildPhase;
			buildActionMask = 2147483647;
			files = (
				4DE7EBE625E4FE7700DE1122 /* LaunchScreen.storyboard in Resources */,
				4DE7EBE325E4FE7700DE1122 /* Assets.xcassets in Resources */,
				4DE7EBE125E4FE7600DE1122 /* Main.storyboard in Resources */,
			);
			runOnlyForDeploymentPostprocessing = 0;
		};
		4DE7EBEA25E4FE7700DE1122 /* Resources */ = {
			isa = PBXResourcesBuildPhase;
			buildActionMask = 2147483647;
			files = (
			);
			runOnlyForDeploymentPostprocessing = 0;
		};
		4DE7EBF525E4FE7700DE1122 /* Resources */ = {
			isa = PBXResourcesBuildPhase;
			buildActionMask = 2147483647;
			files = (
			);
			runOnlyForDeploymentPostprocessing = 0;
		};
/* End PBXResourcesBuildPhase section */

/* Begin PBXShellScriptBuildPhase section */
		20A5D5AB1ED8C74812D44B09 /* [CP] Check Pods Manifest.lock */ = {
			isa = PBXShellScriptBuildPhase;
			buildActionMask = 2147483647;
			files = (
			);
			inputFileListPaths = (
			);
			inputPaths = (
				"${PODS_PODFILE_DIR_PATH}/Podfile.lock",
				"${PODS_ROOT}/Manifest.lock",
			);
			name = "[CP] Check Pods Manifest.lock";
			outputFileListPaths = (
			);
			outputPaths = (
				"$(DERIVED_FILE_DIR)/Pods-MVVM_CA_test-checkManifestLockResult.txt",
			);
			runOnlyForDeploymentPostprocessing = 0;
			shellPath = /bin/sh;
			shellScript = "diff \"${PODS_PODFILE_DIR_PATH}/Podfile.lock\" \"${PODS_ROOT}/Manifest.lock\" > /dev/null\nif [ $? != 0 ] ; then\n    # print error to STDERR\n    echo \"error: The sandbox is not in sync with the Podfile.lock. Run 'pod install' or update your CocoaPods installation.\" >&2\n    exit 1\nfi\n# This output is used by Xcode 'outputs' to avoid re-running this script phase.\necho \"SUCCESS\" > \"${SCRIPT_OUTPUT_FILE_0}\"\n";
			showEnvVarsInLog = 0;
		};
		22E00A20C8BB3904E072C98D /* [CP] Check Pods Manifest.lock */ = {
			isa = PBXShellScriptBuildPhase;
			buildActionMask = 2147483647;
			files = (
			);
			inputFileListPaths = (
			);
			inputPaths = (
				"${PODS_PODFILE_DIR_PATH}/Podfile.lock",
				"${PODS_ROOT}/Manifest.lock",
			);
			name = "[CP] Check Pods Manifest.lock";
			outputFileListPaths = (
			);
			outputPaths = (
				"$(DERIVED_FILE_DIR)/Pods-MVVM_CA_testTests-checkManifestLockResult.txt",
			);
			runOnlyForDeploymentPostprocessing = 0;
			shellPath = /bin/sh;
			shellScript = "diff \"${PODS_PODFILE_DIR_PATH}/Podfile.lock\" \"${PODS_ROOT}/Manifest.lock\" > /dev/null\nif [ $? != 0 ] ; then\n    # print error to STDERR\n    echo \"error: The sandbox is not in sync with the Podfile.lock. Run 'pod install' or update your CocoaPods installation.\" >&2\n    exit 1\nfi\n# This output is used by Xcode 'outputs' to avoid re-running this script phase.\necho \"SUCCESS\" > \"${SCRIPT_OUTPUT_FILE_0}\"\n";
			showEnvVarsInLog = 0;
		};
		6DC00EA03F5BEB2DB12E9CCE /* [CP] Embed Pods Frameworks */ = {
			isa = PBXShellScriptBuildPhase;
			buildActionMask = 2147483647;
			files = (
			);
			inputFileListPaths = (
				"${PODS_ROOT}/Target Support Files/Pods-MVVM_CA_test/Pods-MVVM_CA_test-frameworks-${CONFIGURATION}-input-files.xcfilelist",
			);
			name = "[CP] Embed Pods Frameworks";
			outputFileListPaths = (
				"${PODS_ROOT}/Target Support Files/Pods-MVVM_CA_test/Pods-MVVM_CA_test-frameworks-${CONFIGURATION}-output-files.xcfilelist",
			);
			runOnlyForDeploymentPostprocessing = 0;
			shellPath = /bin/sh;
			shellScript = "\"${PODS_ROOT}/Target Support Files/Pods-MVVM_CA_test/Pods-MVVM_CA_test-frameworks.sh\"\n";
			showEnvVarsInLog = 0;
		};
		A9164E11B02DD32C01D397DE /* [CP] Embed Pods Frameworks */ = {
			isa = PBXShellScriptBuildPhase;
			buildActionMask = 2147483647;
			files = (
			);
			inputFileListPaths = (
				"${PODS_ROOT}/Target Support Files/Pods-MVVM_CA_test-MVVM_CA_testUITests/Pods-MVVM_CA_test-MVVM_CA_testUITests-frameworks-${CONFIGURATION}-input-files.xcfilelist",
			);
			name = "[CP] Embed Pods Frameworks";
			outputFileListPaths = (
				"${PODS_ROOT}/Target Support Files/Pods-MVVM_CA_test-MVVM_CA_testUITests/Pods-MVVM_CA_test-MVVM_CA_testUITests-frameworks-${CONFIGURATION}-output-files.xcfilelist",
			);
			runOnlyForDeploymentPostprocessing = 0;
			shellPath = /bin/sh;
			shellScript = "\"${PODS_ROOT}/Target Support Files/Pods-MVVM_CA_test-MVVM_CA_testUITests/Pods-MVVM_CA_test-MVVM_CA_testUITests-frameworks.sh\"\n";
			showEnvVarsInLog = 0;
		};
		E625781B1ABB64FADDF232E9 /* [CP] Check Pods Manifest.lock */ = {
			isa = PBXShellScriptBuildPhase;
			buildActionMask = 2147483647;
			files = (
			);
			inputFileListPaths = (
			);
			inputPaths = (
				"${PODS_PODFILE_DIR_PATH}/Podfile.lock",
				"${PODS_ROOT}/Manifest.lock",
			);
			name = "[CP] Check Pods Manifest.lock";
			outputFileListPaths = (
			);
			outputPaths = (
				"$(DERIVED_FILE_DIR)/Pods-MVVM_CA_test-MVVM_CA_testUITests-checkManifestLockResult.txt",
			);
			runOnlyForDeploymentPostprocessing = 0;
			shellPath = /bin/sh;
			shellScript = "diff \"${PODS_PODFILE_DIR_PATH}/Podfile.lock\" \"${PODS_ROOT}/Manifest.lock\" > /dev/null\nif [ $? != 0 ] ; then\n    # print error to STDERR\n    echo \"error: The sandbox is not in sync with the Podfile.lock. Run 'pod install' or update your CocoaPods installation.\" >&2\n    exit 1\nfi\n# This output is used by Xcode 'outputs' to avoid re-running this script phase.\necho \"SUCCESS\" > \"${SCRIPT_OUTPUT_FILE_0}\"\n";
			showEnvVarsInLog = 0;
		};
/* End PBXShellScriptBuildPhase section */

/* Begin PBXSourcesBuildPhase section */
		4DE7EBD225E4FE7600DE1122 /* Sources */ = {
			isa = PBXSourcesBuildPhase;
			buildActionMask = 2147483647;
			files = (
				4DE7ECE025E5045E00DE1122 /* BeerViewModel.swift in Sources */,
				4D2C137925E7891D00A256C6 /* HomeAssembler.swift in Sources */,
				4DE7EC1E25E4FF3A00DE1122 /* LoadingState.swift in Sources */,
				4DE7EBDE25E4FE7600DE1122 /* HomeViewController.swift in Sources */,
				4D97BA3625E6AEE8007C32A7 /* Router.swift in Sources */,
				4DE7ECA825E5030E00DE1122 /* Config.swift in Sources */,
				4DE7EBDA25E4FE7600DE1122 /* AppDelegate.swift in Sources */,
				4DE7EBDC25E4FE7600DE1122 /* SceneDelegate.swift in Sources */,
				4D97BA4F25E6B20D007C32A7 /* HomeRouter.swift in Sources */,
				4DE15D1425E7B5D40021BCAE /* Manager.swift in Sources */,
			);
			runOnlyForDeploymentPostprocessing = 0;
		};
		4DE7EBE825E4FE7700DE1122 /* Sources */ = {
			isa = PBXSourcesBuildPhase;
			buildActionMask = 2147483647;
			files = (
				4DE7EBF125E4FE7700DE1122 /* MVVM_CA_testTests.swift in Sources */,
			);
			runOnlyForDeploymentPostprocessing = 0;
		};
		4DE7EBF325E4FE7700DE1122 /* Sources */ = {
			isa = PBXSourcesBuildPhase;
			buildActionMask = 2147483647;
			files = (
				4DE7EBFC25E4FE7700DE1122 /* MVVM_CA_testUITests.swift in Sources */,
			);
			runOnlyForDeploymentPostprocessing = 0;
		};
/* End PBXSourcesBuildPhase section */

/* Begin PBXTargetDependency section */
		4DE7EBEE25E4FE7700DE1122 /* PBXTargetDependency */ = {
			isa = PBXTargetDependency;
			target = 4DE7EBD525E4FE7600DE1122 /* MVVM_CA_test */;
			targetProxy = 4DE7EBED25E4FE7700DE1122 /* PBXContainerItemProxy */;
		};
		4DE7EBF925E4FE7700DE1122 /* PBXTargetDependency */ = {
			isa = PBXTargetDependency;
			target = 4DE7EBD525E4FE7600DE1122 /* MVVM_CA_test */;
			targetProxy = 4DE7EBF825E4FE7700DE1122 /* PBXContainerItemProxy */;
		};
/* End PBXTargetDependency section */

/* Begin PBXVariantGroup section */
		4DE7EBDF25E4FE7600DE1122 /* Main.storyboard */ = {
			isa = PBXVariantGroup;
			children = (
				4DE7EBE025E4FE7600DE1122 /* Base */,
			);
			name = Main.storyboard;
			sourceTree = "<group>";
		};
		4DE7EBE425E4FE7700DE1122 /* LaunchScreen.storyboard */ = {
			isa = PBXVariantGroup;
			children = (
				4DE7EBE525E4FE7700DE1122 /* Base */,
			);
			name = LaunchScreen.storyboard;
			sourceTree = "<group>";
		};
/* End PBXVariantGroup section */

/* Begin XCBuildConfiguration section */
		4DE7EBFE25E4FE7700DE1122 /* Debug */ = {
			isa = XCBuildConfiguration;
			buildSettings = {
				ALWAYS_SEARCH_USER_PATHS = NO;
				CLANG_ANALYZER_NONNULL = YES;
				CLANG_ANALYZER_NUMBER_OBJECT_CONVERSION = YES_AGGRESSIVE;
				CLANG_CXX_LANGUAGE_STANDARD = "gnu++14";
				CLANG_CXX_LIBRARY = "libc++";
				CLANG_ENABLE_MODULES = YES;
				CLANG_ENABLE_OBJC_ARC = YES;
				CLANG_ENABLE_OBJC_WEAK = YES;
				CLANG_WARN_BLOCK_CAPTURE_AUTORELEASING = YES;
				CLANG_WARN_BOOL_CONVERSION = YES;
				CLANG_WARN_COMMA = YES;
				CLANG_WARN_CONSTANT_CONVERSION = YES;
				CLANG_WARN_DEPRECATED_OBJC_IMPLEMENTATIONS = YES;
				CLANG_WARN_DIRECT_OBJC_ISA_USAGE = YES_ERROR;
				CLANG_WARN_DOCUMENTATION_COMMENTS = YES;
				CLANG_WARN_EMPTY_BODY = YES;
				CLANG_WARN_ENUM_CONVERSION = YES;
				CLANG_WARN_INFINITE_RECURSION = YES;
				CLANG_WARN_INT_CONVERSION = YES;
				CLANG_WARN_NON_LITERAL_NULL_CONVERSION = YES;
				CLANG_WARN_OBJC_IMPLICIT_RETAIN_SELF = YES;
				CLANG_WARN_OBJC_LITERAL_CONVERSION = YES;
				CLANG_WARN_OBJC_ROOT_CLASS = YES_ERROR;
				CLANG_WARN_QUOTED_INCLUDE_IN_FRAMEWORK_HEADER = YES;
				CLANG_WARN_RANGE_LOOP_ANALYSIS = YES;
				CLANG_WARN_STRICT_PROTOTYPES = YES;
				CLANG_WARN_SUSPICIOUS_MOVE = YES;
				CLANG_WARN_UNGUARDED_AVAILABILITY = YES_AGGRESSIVE;
				CLANG_WARN_UNREACHABLE_CODE = YES;
				CLANG_WARN__DUPLICATE_METHOD_MATCH = YES;
				COPY_PHASE_STRIP = NO;
				DEBUG_INFORMATION_FORMAT = dwarf;
				ENABLE_STRICT_OBJC_MSGSEND = YES;
				ENABLE_TESTABILITY = YES;
				GCC_C_LANGUAGE_STANDARD = gnu11;
				GCC_DYNAMIC_NO_PIC = NO;
				GCC_NO_COMMON_BLOCKS = YES;
				GCC_OPTIMIZATION_LEVEL = 0;
				GCC_PREPROCESSOR_DEFINITIONS = (
					"DEBUG=1",
					"$(inherited)",
				);
				GCC_WARN_64_TO_32_BIT_CONVERSION = YES;
				GCC_WARN_ABOUT_RETURN_TYPE = YES_ERROR;
				GCC_WARN_UNDECLARED_SELECTOR = YES;
				GCC_WARN_UNINITIALIZED_AUTOS = YES_AGGRESSIVE;
				GCC_WARN_UNUSED_FUNCTION = YES;
				GCC_WARN_UNUSED_VARIABLE = YES;
				IPHONEOS_DEPLOYMENT_TARGET = 14.4;
				MTL_ENABLE_DEBUG_INFO = INCLUDE_SOURCE;
				MTL_FAST_MATH = YES;
				ONLY_ACTIVE_ARCH = YES;
				SDKROOT = iphoneos;
				SWIFT_ACTIVE_COMPILATION_CONDITIONS = DEBUG;
				SWIFT_OPTIMIZATION_LEVEL = "-Onone";
			};
			name = Debug;
		};
		4DE7EBFF25E4FE7700DE1122 /* Release */ = {
			isa = XCBuildConfiguration;
			buildSettings = {
				ALWAYS_SEARCH_USER_PATHS = NO;
				CLANG_ANALYZER_NONNULL = YES;
				CLANG_ANALYZER_NUMBER_OBJECT_CONVERSION = YES_AGGRESSIVE;
				CLANG_CXX_LANGUAGE_STANDARD = "gnu++14";
				CLANG_CXX_LIBRARY = "libc++";
				CLANG_ENABLE_MODULES = YES;
				CLANG_ENABLE_OBJC_ARC = YES;
				CLANG_ENABLE_OBJC_WEAK = YES;
				CLANG_WARN_BLOCK_CAPTURE_AUTORELEASING = YES;
				CLANG_WARN_BOOL_CONVERSION = YES;
				CLANG_WARN_COMMA = YES;
				CLANG_WARN_CONSTANT_CONVERSION = YES;
				CLANG_WARN_DEPRECATED_OBJC_IMPLEMENTATIONS = YES;
				CLANG_WARN_DIRECT_OBJC_ISA_USAGE = YES_ERROR;
				CLANG_WARN_DOCUMENTATION_COMMENTS = YES;
				CLANG_WARN_EMPTY_BODY = YES;
				CLANG_WARN_ENUM_CONVERSION = YES;
				CLANG_WARN_INFINITE_RECURSION = YES;
				CLANG_WARN_INT_CONVERSION = YES;
				CLANG_WARN_NON_LITERAL_NULL_CONVERSION = YES;
				CLANG_WARN_OBJC_IMPLICIT_RETAIN_SELF = YES;
				CLANG_WARN_OBJC_LITERAL_CONVERSION = YES;
				CLANG_WARN_OBJC_ROOT_CLASS = YES_ERROR;
				CLANG_WARN_QUOTED_INCLUDE_IN_FRAMEWORK_HEADER = YES;
				CLANG_WARN_RANGE_LOOP_ANALYSIS = YES;
				CLANG_WARN_STRICT_PROTOTYPES = YES;
				CLANG_WARN_SUSPICIOUS_MOVE = YES;
				CLANG_WARN_UNGUARDED_AVAILABILITY = YES_AGGRESSIVE;
				CLANG_WARN_UNREACHABLE_CODE = YES;
				CLANG_WARN__DUPLICATE_METHOD_MATCH = YES;
				COPY_PHASE_STRIP = NO;
				DEBUG_INFORMATION_FORMAT = "dwarf-with-dsym";
				ENABLE_NS_ASSERTIONS = NO;
				ENABLE_STRICT_OBJC_MSGSEND = YES;
				GCC_C_LANGUAGE_STANDARD = gnu11;
				GCC_NO_COMMON_BLOCKS = YES;
				GCC_WARN_64_TO_32_BIT_CONVERSION = YES;
				GCC_WARN_ABOUT_RETURN_TYPE = YES_ERROR;
				GCC_WARN_UNDECLARED_SELECTOR = YES;
				GCC_WARN_UNINITIALIZED_AUTOS = YES_AGGRESSIVE;
				GCC_WARN_UNUSED_FUNCTION = YES;
				GCC_WARN_UNUSED_VARIABLE = YES;
				IPHONEOS_DEPLOYMENT_TARGET = 14.4;
				MTL_ENABLE_DEBUG_INFO = NO;
				MTL_FAST_MATH = YES;
				SDKROOT = iphoneos;
				SWIFT_COMPILATION_MODE = wholemodule;
				SWIFT_OPTIMIZATION_LEVEL = "-O";
				VALIDATE_PRODUCT = YES;
			};
			name = Release;
		};
		4DE7EC0125E4FE7700DE1122 /* Debug */ = {
			isa = XCBuildConfiguration;
			baseConfigurationReference = 821B437AA5FECFE3CB5DA324 /* Pods-MVVM_CA_test.debug.xcconfig */;
			buildSettings = {
				ASSETCATALOG_COMPILER_APPICON_NAME = AppIcon;
				ASSETCATALOG_COMPILER_GLOBAL_ACCENT_COLOR_NAME = AccentColor;
				CODE_SIGN_STYLE = Automatic;
				DEVELOPMENT_TEAM = GF6WZHA9DX;
				INFOPLIST_FILE = MVVM_CA_test/Info.plist;
				LD_RUNPATH_SEARCH_PATHS = (
					"$(inherited)",
					"@executable_path/Frameworks",
				);
				PRODUCT_BUNDLE_IDENTIFIER = "com.MVVM-CA.ncg.MVVM-CA-test";
				PRODUCT_NAME = "$(TARGET_NAME)";
				SWIFT_VERSION = 5.0;
				TARGETED_DEVICE_FAMILY = "1,2";
			};
			name = Debug;
		};
		4DE7EC0225E4FE7700DE1122 /* Release */ = {
			isa = XCBuildConfiguration;
			baseConfigurationReference = DF940D80AA9CD2283FCD856A /* Pods-MVVM_CA_test.release.xcconfig */;
			buildSettings = {
				ASSETCATALOG_COMPILER_APPICON_NAME = AppIcon;
				ASSETCATALOG_COMPILER_GLOBAL_ACCENT_COLOR_NAME = AccentColor;
				CODE_SIGN_STYLE = Automatic;
				DEVELOPMENT_TEAM = GF6WZHA9DX;
				INFOPLIST_FILE = MVVM_CA_test/Info.plist;
				LD_RUNPATH_SEARCH_PATHS = (
					"$(inherited)",
					"@executable_path/Frameworks",
				);
				PRODUCT_BUNDLE_IDENTIFIER = "com.MVVM-CA.ncg.MVVM-CA-test";
				PRODUCT_NAME = "$(TARGET_NAME)";
				SWIFT_VERSION = 5.0;
				TARGETED_DEVICE_FAMILY = "1,2";
			};
			name = Release;
		};
		4DE7EC0425E4FE7700DE1122 /* Debug */ = {
			isa = XCBuildConfiguration;
			baseConfigurationReference = 4603C3C51B3D0F215D358C3F /* Pods-MVVM_CA_testTests.debug.xcconfig */;
			buildSettings = {
				ALWAYS_EMBED_SWIFT_STANDARD_LIBRARIES = YES;
				BUNDLE_LOADER = "$(TEST_HOST)";
				CODE_SIGN_STYLE = Automatic;
				DEVELOPMENT_TEAM = GF6WZHA9DX;
				INFOPLIST_FILE = MVVM_CA_testTests/Info.plist;
				IPHONEOS_DEPLOYMENT_TARGET = 14.4;
				LD_RUNPATH_SEARCH_PATHS = (
					"$(inherited)",
					"@executable_path/Frameworks",
					"@loader_path/Frameworks",
				);
				PRODUCT_BUNDLE_IDENTIFIER = "com.MVVM-CA.ncg.MVVM-CA-testTests";
				PRODUCT_NAME = "$(TARGET_NAME)";
				SWIFT_VERSION = 5.0;
				TARGETED_DEVICE_FAMILY = "1,2";
				TEST_HOST = "$(BUILT_PRODUCTS_DIR)/MVVM_CA_test.app/MVVM_CA_test";
			};
			name = Debug;
		};
		4DE7EC0525E4FE7700DE1122 /* Release */ = {
			isa = XCBuildConfiguration;
			baseConfigurationReference = D191BD1509F66437261A7C00 /* Pods-MVVM_CA_testTests.release.xcconfig */;
			buildSettings = {
				ALWAYS_EMBED_SWIFT_STANDARD_LIBRARIES = YES;
				BUNDLE_LOADER = "$(TEST_HOST)";
				CODE_SIGN_STYLE = Automatic;
				DEVELOPMENT_TEAM = GF6WZHA9DX;
				INFOPLIST_FILE = MVVM_CA_testTests/Info.plist;
				IPHONEOS_DEPLOYMENT_TARGET = 14.4;
				LD_RUNPATH_SEARCH_PATHS = (
					"$(inherited)",
					"@executable_path/Frameworks",
					"@loader_path/Frameworks",
				);
				PRODUCT_BUNDLE_IDENTIFIER = "com.MVVM-CA.ncg.MVVM-CA-testTests";
				PRODUCT_NAME = "$(TARGET_NAME)";
				SWIFT_VERSION = 5.0;
				TARGETED_DEVICE_FAMILY = "1,2";
				TEST_HOST = "$(BUILT_PRODUCTS_DIR)/MVVM_CA_test.app/MVVM_CA_test";
			};
			name = Release;
		};
		4DE7EC0725E4FE7700DE1122 /* Debug */ = {
			isa = XCBuildConfiguration;
			baseConfigurationReference = 538E6F66304E9EAF4EEDE5E0 /* Pods-MVVM_CA_test-MVVM_CA_testUITests.debug.xcconfig */;
			buildSettings = {
				ALWAYS_EMBED_SWIFT_STANDARD_LIBRARIES = YES;
				CODE_SIGN_STYLE = Automatic;
				DEVELOPMENT_TEAM = GF6WZHA9DX;
				INFOPLIST_FILE = MVVM_CA_testUITests/Info.plist;
				LD_RUNPATH_SEARCH_PATHS = (
					"$(inherited)",
					"@executable_path/Frameworks",
					"@loader_path/Frameworks",
				);
				PRODUCT_BUNDLE_IDENTIFIER = "com.MVVM-CA.ncg.MVVM-CA-testUITests";
				PRODUCT_NAME = "$(TARGET_NAME)";
				SWIFT_VERSION = 5.0;
				TARGETED_DEVICE_FAMILY = "1,2";
				TEST_TARGET_NAME = MVVM_CA_test;
			};
			name = Debug;
		};
		4DE7EC0825E4FE7700DE1122 /* Release */ = {
			isa = XCBuildConfiguration;
			baseConfigurationReference = BC3A17C0C0857C2B63ACEAE0 /* Pods-MVVM_CA_test-MVVM_CA_testUITests.release.xcconfig */;
			buildSettings = {
				ALWAYS_EMBED_SWIFT_STANDARD_LIBRARIES = YES;
				CODE_SIGN_STYLE = Automatic;
				DEVELOPMENT_TEAM = GF6WZHA9DX;
				INFOPLIST_FILE = MVVM_CA_testUITests/Info.plist;
				LD_RUNPATH_SEARCH_PATHS = (
					"$(inherited)",
					"@executable_path/Frameworks",
					"@loader_path/Frameworks",
				);
				PRODUCT_BUNDLE_IDENTIFIER = "com.MVVM-CA.ncg.MVVM-CA-testUITests";
				PRODUCT_NAME = "$(TARGET_NAME)";
				SWIFT_VERSION = 5.0;
				TARGETED_DEVICE_FAMILY = "1,2";
				TEST_TARGET_NAME = MVVM_CA_test;
			};
			name = Release;
		};
/* End XCBuildConfiguration section */

/* Begin XCConfigurationList section */
		4DE7EBD125E4FE7500DE1122 /* Build configuration list for PBXProject "MVVM_CA_test" */ = {
			isa = XCConfigurationList;
			buildConfigurations = (
				4DE7EBFE25E4FE7700DE1122 /* Debug */,
				4DE7EBFF25E4FE7700DE1122 /* Release */,
			);
			defaultConfigurationIsVisible = 0;
			defaultConfigurationName = Release;
		};
		4DE7EC0025E4FE7700DE1122 /* Build configuration list for PBXNativeTarget "MVVM_CA_test" */ = {
			isa = XCConfigurationList;
			buildConfigurations = (
				4DE7EC0125E4FE7700DE1122 /* Debug */,
				4DE7EC0225E4FE7700DE1122 /* Release */,
			);
			defaultConfigurationIsVisible = 0;
			defaultConfigurationName = Release;
		};
		4DE7EC0325E4FE7700DE1122 /* Build configuration list for PBXNativeTarget "MVVM_CA_testTests" */ = {
			isa = XCConfigurationList;
			buildConfigurations = (
				4DE7EC0425E4FE7700DE1122 /* Debug */,
				4DE7EC0525E4FE7700DE1122 /* Release */,
			);
			defaultConfigurationIsVisible = 0;
			defaultConfigurationName = Release;
		};
		4DE7EC0625E4FE7700DE1122 /* Build configuration list for PBXNativeTarget "MVVM_CA_testUITests" */ = {
			isa = XCConfigurationList;
			buildConfigurations = (
				4DE7EC0725E4FE7700DE1122 /* Debug */,
				4DE7EC0825E4FE7700DE1122 /* Release */,
			);
			defaultConfigurationIsVisible = 0;
			defaultConfigurationName = Release;
		};
/* End XCConfigurationList section */
	};
	rootObject = 4DE7EBCE25E4FE7500DE1122 /* Project object */;
}
