// !$*UTF8*$!
{
	archiveVersion = 1;
	classes = {
	};
	objectVersion = 50;
	objects = {

/* Begin PBXBuildFile section */
		4DE7EBDA25E4FE7600DE1122 /* AppDelegate.swift in Sources */ = {isa = PBXBuildFile; fileRef = 4DE7EBD925E4FE7600DE1122 /* AppDelegate.swift */; };
		4DE7EBDC25E4FE7600DE1122 /* SceneDelegate.swift in Sources */ = {isa = PBXBuildFile; fileRef = 4DE7EBDB25E4FE7600DE1122 /* SceneDelegate.swift */; };
		4DE7EBDE25E4FE7600DE1122 /* ViewController.swift in Sources */ = {isa = PBXBuildFile; fileRef = 4DE7EBDD25E4FE7600DE1122 /* ViewController.swift */; };
		4DE7EBE125E4FE7600DE1122 /* Main.storyboard in Resources */ = {isa = PBXBuildFile; fileRef = 4DE7EBDF25E4FE7600DE1122 /* Main.storyboard */; };
		4DE7EBE325E4FE7700DE1122 /* Assets.xcassets in Resources */ = {isa = PBXBuildFile; fileRef = 4DE7EBE225E4FE7700DE1122 /* Assets.xcassets */; };
		4DE7EBE625E4FE7700DE1122 /* LaunchScreen.storyboard in Resources */ = {isa = PBXBuildFile; fileRef = 4DE7EBE425E4FE7700DE1122 /* LaunchScreen.storyboard */; };
		4DE7EBF125E4FE7700DE1122 /* MVVM_CA_testTests.swift in Sources */ = {isa = PBXBuildFile; fileRef = 4DE7EBF025E4FE7700DE1122 /* MVVM_CA_testTests.swift */; };
		4DE7EBFC25E4FE7700DE1122 /* MVVM_CA_testUITests.swift in Sources */ = {isa = PBXBuildFile; fileRef = 4DE7EBFB25E4FE7700DE1122 /* MVVM_CA_testUITests.swift */; };
/* End PBXBuildFile section */

/* Begin PBXContainerItemProxy section */
		4DE7EBED25E4FE7700DE1122 /* PBXContainerItemProxy */ = {
			isa = PBXContainerItemProxy;
			containerPortal = 4DE7EBCE25E4FE7500DE1122 /* Project object */;
			proxyType = 1;
			remoteGlobalIDString = 4DE7EBD525E4FE7600DE1122;
			remoteInfo = MVVM_CA_test;
		};
		4DE7EBF825E4FE7700DE1122 /* PBXContainerItemProxy */ = {
			isa = PBXContainerItemProxy;
			containerPortal = 4DE7EBCE25E4FE7500DE1122 /* Project object */;
			proxyType = 1;
			remoteGlobalIDString = 4DE7EBD525E4FE7600DE1122;
			remoteInfo = MVVM_CA_test;
		};
/* End PBXContainerItemProxy section */

/* Begin PBXFileReference section */
		4DE7EBD625E4FE7600DE1122 /* MVVM_CA_test.app */ = {isa = PBXFileReference; explicitFileType = wrapper.application; includeInIndex = 0; path = MVVM_CA_test.app; sourceTree = BUILT_PRODUCTS_DIR; };
		4DE7EBD925E4FE7600DE1122 /* AppDelegate.swift */ = {isa = PBXFileReference; lastKnownFileType = sourcecode.swift; path = AppDelegate.swift; sourceTree = "<group>"; };
		4DE7EBDB25E4FE7600DE1122 /* SceneDelegate.swift */ = {isa = PBXFileReference; lastKnownFileType = sourcecode.swift; path = SceneDelegate.swift; sourceTree = "<group>"; };
		4DE7EBDD25E4FE7600DE1122 /* ViewController.swift */ = {isa = PBXFileReference; lastKnownFileType = sourcecode.swift; path = ViewController.swift; sourceTree = "<group>"; };
		4DE7EBE025E4FE7600DE1122 /* Base */ = {isa = PBXFileReference; lastKnownFileType = file.storyboard; name = Base; path = Base.lproj/Main.storyboard; sourceTree = "<group>"; };
		4DE7EBE225E4FE7700DE1122 /* Assets.xcassets */ = {isa = PBXFileReference; lastKnownFileType = folder.assetcatalog; path = Assets.xcassets; sourceTree = "<group>"; };
		4DE7EBE525E4FE7700DE1122 /* Base */ = {isa = PBXFileReference; lastKnownFileType = file.storyboard; name = Base; path = Base.lproj/LaunchScreen.storyboard; sourceTree = "<group>"; };
		4DE7EBE725E4FE7700DE1122 /* Info.plist */ = {isa = PBXFileReference; lastKnownFileType = text.plist.xml; path = Info.plist; sourceTree = "<group>"; };
		4DE7EBEC25E4FE7700DE1122 /* MVVM_CA_testTests.xctest */ = {isa = PBXFileReference; explicitFileType = wrapper.cfbundle; includeInIndex = 0; path = MVVM_CA_testTests.xctest; sourceTree = BUILT_PRODUCTS_DIR; };
		4DE7EBF025E4FE7700DE1122 /* MVVM_CA_testTests.swift */ = {isa = PBXFileReference; lastKnownFileType = sourcecode.swift; path = MVVM_CA_testTests.swift; sourceTree = "<group>"; };
		4DE7EBF225E4FE7700DE1122 /* Info.plist */ = {isa = PBXFileReference; lastKnownFileType = text.plist.xml; path = Info.plist; sourceTree = "<group>"; };
		4DE7EBF725E4FE7700DE1122 /* MVVM_CA_testUITests.xctest */ = {isa = PBXFileReference; explicitFileType = wrapper.cfbundle; includeInIndex = 0; path = MVVM_CA_testUITests.xctest; sourceTree = BUILT_PRODUCTS_DIR; };
		4DE7EBFB25E4FE7700DE1122 /* MVVM_CA_testUITests.swift */ = {isa = PBXFileReference; lastKnownFileType = sourcecode.swift; path = MVVM_CA_testUITests.swift; sourceTree = "<group>"; };
		4DE7EBFD25E4FE7700DE1122 /* Info.plist */ = {isa = PBXFileReference; lastKnownFileType = text.plist.xml; path = Info.plist; sourceTree = "<group>"; };
/* End PBXFileReference section */

/* Begin PBXFrameworksBuildPhase section */
		4DE7EBD325E4FE7600DE1122 /* Frameworks */ = {
			isa = PBXFrameworksBuildPhase;
			buildActionMask = 2147483647;
			files = (
			);
			runOnlyForDeploymentPostprocessing = 0;
		};
		4DE7EBE925E4FE7700DE1122 /* Frameworks */ = {
			isa = PBXFrameworksBuildPhase;
			buildActionMask = 2147483647;
			files = (
			);
			runOnlyForDeploymentPostprocessing = 0;
		};
		4DE7EBF425E4FE7700DE1122 /* Frameworks */ = {
			isa = PBXFrameworksBuildPhase;
			buildActionMask = 2147483647;
			files = (
			);
			runOnlyForDeploymentPostprocessing = 0;
		};
/* End PBXFrameworksBuildPhase section */

/* Begin PBXGroup section */
		4DE7EBCD25E4FE7500DE1122 = {
			isa = PBXGroup;
			children = (
				4DE7EBD825E4FE7600DE1122 /* MVVM_CA_test */,
				4DE7EBEF25E4FE7700DE1122 /* MVVM_CA_testTests */,
				4DE7EBFA25E4FE7700DE1122 /* MVVM_CA_testUITests */,
				4DE7EBD725E4FE7600DE1122 /* Products */,
			);
			sourceTree = "<group>";
		};
		4DE7EBD725E4FE7600DE1122 /* Products */ = {
			isa = PBXGroup;
			children = (
				4DE7EBD625E4FE7600DE1122 /* MVVM_CA_test.app */,
				4DE7EBEC25E4FE7700DE1122 /* MVVM_CA_testTests.xctest */,
				4DE7EBF725E4FE7700DE1122 /* MVVM_CA_testUITests.xctest */,
			);
			name = Products;
			sourceTree = "<group>";
		};
		4DE7EBD825E4FE7600DE1122 /* MVVM_CA_test */ = {
			isa = PBXGroup;
			children = (
				4DE7EBD925E4FE7600DE1122 /* AppDelegate.swift */,
				4DE7EBDB25E4FE7600DE1122 /* SceneDelegate.swift */,
				4DE7EBDD25E4FE7600DE1122 /* ViewController.swift */,
				4DE7EBDF25E4FE7600DE1122 /* Main.storyboard */,
				4DE7EBE225E4FE7700DE1122 /* Assets.xcassets */,
				4DE7EBE425E4FE7700DE1122 /* LaunchScreen.storyboard */,
				4DE7EBE725E4FE7700DE1122 /* Info.plist */,
			);
			path = MVVM_CA_test;
			sourceTree = "<group>";
		};
		4DE7EBEF25E4FE7700DE1122 /* MVVM_CA_testTests */ = {
			isa = PBXGroup;
			children = (
				4DE7EBF025E4FE7700DE1122 /* MVVM_CA_testTests.swift */,
				4DE7EBF225E4FE7700DE1122 /* Info.plist */,
			);
			path = MVVM_CA_testTests;
			sourceTree = "<group>";
		};
		4DE7EBFA25E4FE7700DE1122 /* MVVM_CA_testUITests */ = {
			isa = PBXGroup;
			children = (
				4DE7EBFB25E4FE7700DE1122 /* MVVM_CA_testUITests.swift */,
				4DE7EBFD25E4FE7700DE1122 /* Info.plist */,
			);
			path = MVVM_CA_testUITests;
			sourceTree = "<group>";
		};
/* End PBXGroup section */

/* Begin PBXNativeTarget section */
		4DE7EBD525E4FE7600DE1122 /* MVVM_CA_test */ = {
			isa = PBXNativeTarget;
			buildConfigurationList = 4DE7EC0025E4FE7700DE1122 /* Build configuration list for PBXNativeTarget "MVVM_CA_test" */;
			buildPhases = (
				4DE7EBD225E4FE7600DE1122 /* Sources */,
				4DE7EBD325E4FE7600DE1122 /* Frameworks */,
				4DE7EBD425E4FE7600DE1122 /* Resources */,
			);
			buildRules = (
			);
			dependencies = (
			);
			name = MVVM_CA_test;
			productName = MVVM_CA_test;
			productReference = 4DE7EBD625E4FE7600DE1122 /* MVVM_CA_test.app */;
			productType = "com.apple.product-type.application";
		};
		4DE7EBEB25E4FE7700DE1122 /* MVVM_CA_testTests */ = {
			isa = PBXNativeTarget;
			buildConfigurationList = 4DE7EC0325E4FE7700DE1122 /* Build configuration list for PBXNativeTarget "MVVM_CA_testTests" */;
			buildPhases = (
				4DE7EBE825E4FE7700DE1122 /* Sources */,
				4DE7EBE925E4FE7700DE1122 /* Frameworks */,
				4DE7EBEA25E4FE7700DE1122 /* Resources */,
			);
			buildRules = (
			);
			dependencies = (
				4DE7EBEE25E4FE7700DE1122 /* PBXTargetDependency */,
			);
			name = MVVM_CA_testTests;
			productName = MVVM_CA_testTests;
			productReference = 4DE7EBEC25E4FE7700DE1122 /* MVVM_CA_testTests.xctest */;
			productType = "com.apple.product-type.bundle.unit-test";
		};
		4DE7EBF625E4FE7700DE1122 /* MVVM_CA_testUITests */ = {
			isa = PBXNativeTarget;
			buildConfigurationList = 4DE7EC0625E4FE7700DE1122 /* Build configuration list for PBXNativeTarget "MVVM_CA_testUITests" */;
			buildPhases = (
				4DE7EBF325E4FE7700DE1122 /* Sources */,
				4DE7EBF425E4FE7700DE1122 /* Frameworks */,
				4DE7EBF525E4FE7700DE1122 /* Resources */,
			);
			buildRules = (
			);
			dependencies = (
				4DE7EBF925E4FE7700DE1122 /* PBXTargetDependency */,
			);
			name = MVVM_CA_testUITests;
			productName = MVVM_CA_testUITests;
			productReference = 4DE7EBF725E4FE7700DE1122 /* MVVM_CA_testUITests.xctest */;
			productType = "com.apple.product-type.bundle.ui-testing";
		};
/* End PBXNativeTarget section */

/* Begin PBXProject section */
		4DE7EBCE25E4FE7500DE1122 /* Project object */ = {
			isa = PBXProject;
			attributes = {
				LastSwiftUpdateCheck = 1240;
				LastUpgradeCheck = 1240;
				TargetAttributes = {
					4DE7EBD525E4FE7600DE1122 = {
						CreatedOnToolsVersion = 12.4;
					};
					4DE7EBEB25E4FE7700DE1122 = {
						CreatedOnToolsVersion = 12.4;
						TestTargetID = 4DE7EBD525E4FE7600DE1122;
					};
					4DE7EBF625E4FE7700DE1122 = {
						CreatedOnToolsVersion = 12.4;
						TestTargetID = 4DE7EBD525E4FE7600DE1122;
					};
				};
			};
			buildConfigurationList = 4DE7EBD125E4FE7500DE1122 /* Build configuration list for PBXProject "MVVM_CA_test" */;
			compatibilityVersion = "Xcode 9.3";
			developmentRegion = en;
			hasScannedForEncodings = 0;
			knownRegions = (
				en,
				Base,
			);
			mainGroup = 4DE7EBCD25E4FE7500DE1122;
			productRefGroup = 4DE7EBD725E4FE7600DE1122 /* Products */;
			projectDirPath = "";
			projectRoot = "";
			targets = (
				4DE7EBD525E4FE7600DE1122 /* MVVM_CA_test */,
				4DE7EBEB25E4FE7700DE1122 /* MVVM_CA_testTests */,
				4DE7EBF625E4FE7700DE1122 /* MVVM_CA_testUITests */,
			);
		};
/* End PBXProject section */

/* Begin PBXResourcesBuildPhase section */
		4DE7EBD425E4FE7600DE1122 /* Resources */ = {
			isa = PBXResourcesBuildPhase;
			buildActionMask = 2147483647;
			files = (
				4DE7EBE625E4FE7700DE1122 /* LaunchScreen.storyboard in Resources */,
				4DE7EBE325E4FE7700DE1122 /* Assets.xcassets in Resources */,
				4DE7EBE125E4FE7600DE1122 /* Main.storyboard in Resources */,
			);
			runOnlyForDeploymentPostprocessing = 0;
		};
		4DE7EBEA25E4FE7700DE1122 /* Resources */ = {
			isa = PBXResourcesBuildPhase;
			buildActionMask = 2147483647;
			files = (
			);
			runOnlyForDeploymentPostprocessing = 0;
		};
		4DE7EBF525E4FE7700DE1122 /* Resources */ = {
			isa = PBXResourcesBuildPhase;
			buildActionMask = 2147483647;
			files = (
			);
			runOnlyForDeploymentPostprocessing = 0;
		};
/* End PBXResourcesBuildPhase section */

/* Begin PBXSourcesBuildPhase section */
		4DE7EBD225E4FE7600DE1122 /* Sources */ = {
			isa = PBXSourcesBuildPhase;
			buildActionMask = 2147483647;
			files = (
				4DE7EBDE25E4FE7600DE1122 /* ViewController.swift in Sources */,
				4DE7EBDA25E4FE7600DE1122 /* AppDelegate.swift in Sources */,
				4DE7EBDC25E4FE7600DE1122 /* SceneDelegate.swift in Sources */,
			);
			runOnlyForDeploymentPostprocessing = 0;
		};
		4DE7EBE825E4FE7700DE1122 /* Sources */ = {
			isa = PBXSourcesBuildPhase;
			buildActionMask = 2147483647;
			files = (
				4DE7EBF125E4FE7700DE1122 /* MVVM_CA_testTests.swift in Sources */,
			);
			runOnlyForDeploymentPostprocessing = 0;
		};
		4DE7EBF325E4FE7700DE1122 /* Sources */ = {
			isa = PBXSourcesBuildPhase;
			buildActionMask = 2147483647;
			files = (
				4DE7EBFC25E4FE7700DE1122 /* MVVM_CA_testUITests.swift in Sources */,
			);
			runOnlyForDeploymentPostprocessing = 0;
		};
/* End PBXSourcesBuildPhase section */

/* Begin PBXTargetDependency section */
		4DE7EBEE25E4FE7700DE1122 /* PBXTargetDependency */ = {
			isa = PBXTargetDependency;
			target = 4DE7EBD525E4FE7600DE1122 /* MVVM_CA_test */;
			targetProxy = 4DE7EBED25E4FE7700DE1122 /* PBXContainerItemProxy */;
		};
		4DE7EBF925E4FE7700DE1122 /* PBXTargetDependency */ = {
			isa = PBXTargetDependency;
			target = 4DE7EBD525E4FE7600DE1122 /* MVVM_CA_test */;
			targetProxy = 4DE7EBF825E4FE7700DE1122 /* PBXContainerItemProxy */;
		};
/* End PBXTargetDependency section */

/* Begin PBXVariantGroup section */
		4DE7EBDF25E4FE7600DE1122 /* Main.storyboard */ = {
			isa = PBXVariantGroup;
			children = (
				4DE7EBE025E4FE7600DE1122 /* Base */,
			);
			name = Main.storyboard;
			sourceTree = "<group>";
		};
		4DE7EBE425E4FE7700DE1122 /* LaunchScreen.storyboard */ = {
			isa = PBXVariantGroup;
			children = (
				4DE7EBE525E4FE7700DE1122 /* Base */,
			);
			name = LaunchScreen.storyboard;
			sourceTree = "<group>";
		};
/* End PBXVariantGroup section */

/* Begin XCBuildConfiguration section */
		4DE7EBFE25E4FE7700DE1122 /* Debug */ = {
			isa = XCBuildConfiguration;
			buildSettings = {
				ALWAYS_SEARCH_USER_PATHS = NO;
				CLANG_ANALYZER_NONNULL = YES;
				CLANG_ANALYZER_NUMBER_OBJECT_CONVERSION = YES_AGGRESSIVE;
				CLANG_CXX_LANGUAGE_STANDARD = "gnu++14";
				CLANG_CXX_LIBRARY = "libc++";
				CLANG_ENABLE_MODULES = YES;
				CLANG_ENABLE_OBJC_ARC = YES;
				CLANG_ENABLE_OBJC_WEAK = YES;
				CLANG_WARN_BLOCK_CAPTURE_AUTORELEASING = YES;
				CLANG_WARN_BOOL_CONVERSION = YES;
				CLANG_WARN_COMMA = YES;
				CLANG_WARN_CONSTANT_CONVERSION = YES;
				CLANG_WARN_DEPRECATED_OBJC_IMPLEMENTATIONS = YES;
				CLANG_WARN_DIRECT_OBJC_ISA_USAGE = YES_ERROR;
				CLANG_WARN_DOCUMENTATION_COMMENTS = YES;
				CLANG_WARN_EMPTY_BODY = YES;
				CLANG_WARN_ENUM_CONVERSION = YES;
				CLANG_WARN_INFINITE_RECURSION = YES;
				CLANG_WARN_INT_CONVERSION = YES;
				CLANG_WARN_NON_LITERAL_NULL_CONVERSION = YES;
				CLANG_WARN_OBJC_IMPLICIT_RETAIN_SELF = YES;
				CLANG_WARN_OBJC_LITERAL_CONVERSION = YES;
				CLANG_WARN_OBJC_ROOT_CLASS = YES_ERROR;
				CLANG_WARN_QUOTED_INCLUDE_IN_FRAMEWORK_HEADER = YES;
				CLANG_WARN_RANGE_LOOP_ANALYSIS = YES;
				CLANG_WARN_STRICT_PROTOTYPES = YES;
				CLANG_WARN_SUSPICIOUS_MOVE = YES;
				CLANG_WARN_UNGUARDED_AVAILABILITY = YES_AGGRESSIVE;
				CLANG_WARN_UNREACHABLE_CODE = YES;
				CLANG_WARN__DUPLICATE_METHOD_MATCH = YES;
				COPY_PHASE_STRIP = NO;
				DEBUG_INFORMATION_FORMAT = dwarf;
				ENABLE_STRICT_OBJC_MSGSEND = YES;
				ENABLE_TESTABILITY = YES;
				GCC_C_LANGUAGE_STANDARD = gnu11;
				GCC_DYNAMIC_NO_PIC = NO;
				GCC_NO_COMMON_BLOCKS = YES;
				GCC_OPTIMIZATION_LEVEL = 0;
				GCC_PREPROCESSOR_DEFINITIONS = (
					"DEBUG=1",
					"$(inherited)",
				);
				GCC_WARN_64_TO_32_BIT_CONVERSION = YES;
				GCC_WARN_ABOUT_RETURN_TYPE = YES_ERROR;
				GCC_WARN_UNDECLARED_SELECTOR = YES;
				GCC_WARN_UNINITIALIZED_AUTOS = YES_AGGRESSIVE;
				GCC_WARN_UNUSED_FUNCTION = YES;
				GCC_WARN_UNUSED_VARIABLE = YES;
				IPHONEOS_DEPLOYMENT_TARGET = 14.4;
				MTL_ENABLE_DEBUG_INFO = INCLUDE_SOURCE;
				MTL_FAST_MATH = YES;
				ONLY_ACTIVE_ARCH = YES;
				SDKROOT = iphoneos;
				SWIFT_ACTIVE_COMPILATION_CONDITIONS = DEBUG;
				SWIFT_OPTIMIZATION_LEVEL = "-Onone";
			};
			name = Debug;
		};
		4DE7EBFF25E4FE7700DE1122 /* Release */ = {
			isa = XCBuildConfiguration;
			buildSettings = {
				ALWAYS_SEARCH_USER_PATHS = NO;
				CLANG_ANALYZER_NONNULL = YES;
				CLANG_ANALYZER_NUMBER_OBJECT_CONVERSION = YES_AGGRESSIVE;
				CLANG_CXX_LANGUAGE_STANDARD = "gnu++14";
				CLANG_CXX_LIBRARY = "libc++";
				CLANG_ENABLE_MODULES = YES;
				CLANG_ENABLE_OBJC_ARC = YES;
				CLANG_ENABLE_OBJC_WEAK = YES;
				CLANG_WARN_BLOCK_CAPTURE_AUTORELEASING = YES;
				CLANG_WARN_BOOL_CONVERSION = YES;
				CLANG_WARN_COMMA = YES;
				CLANG_WARN_CONSTANT_CONVERSION = YES;
				CLANG_WARN_DEPRECATED_OBJC_IMPLEMENTATIONS = YES;
				CLANG_WARN_DIRECT_OBJC_ISA_USAGE = YES_ERROR;
				CLANG_WARN_DOCUMENTATION_COMMENTS = YES;
				CLANG_WARN_EMPTY_BODY = YES;
				CLANG_WARN_ENUM_CONVERSION = YES;
				CLANG_WARN_INFINITE_RECURSION = YES;
				CLANG_WARN_INT_CONVERSION = YES;
				CLANG_WARN_NON_LITERAL_NULL_CONVERSION = YES;
				CLANG_WARN_OBJC_IMPLICIT_RETAIN_SELF = YES;
				CLANG_WARN_OBJC_LITERAL_CONVERSION = YES;
				CLANG_WARN_OBJC_ROOT_CLASS = YES_ERROR;
				CLANG_WARN_QUOTED_INCLUDE_IN_FRAMEWORK_HEADER = YES;
				CLANG_WARN_RANGE_LOOP_ANALYSIS = YES;
				CLANG_WARN_STRICT_PROTOTYPES = YES;
				CLANG_WARN_SUSPICIOUS_MOVE = YES;
				CLANG_WARN_UNGUARDED_AVAILABILITY = YES_AGGRESSIVE;
				CLANG_WARN_UNREACHABLE_CODE = YES;
				CLANG_WARN__DUPLICATE_METHOD_MATCH = YES;
				COPY_PHASE_STRIP = NO;
				DEBUG_INFORMATION_FORMAT = "dwarf-with-dsym";
				ENABLE_NS_ASSERTIONS = NO;
				ENABLE_STRICT_OBJC_MSGSEND = YES;
				GCC_C_LANGUAGE_STANDARD = gnu11;
				GCC_NO_COMMON_BLOCKS = YES;
				GCC_WARN_64_TO_32_BIT_CONVERSION = YES;
				GCC_WARN_ABOUT_RETURN_TYPE = YES_ERROR;
				GCC_WARN_UNDECLARED_SELECTOR = YES;
				GCC_WARN_UNINITIALIZED_AUTOS = YES_AGGRESSIVE;
				GCC_WARN_UNUSED_FUNCTION = YES;
				GCC_WARN_UNUSED_VARIABLE = YES;
				IPHONEOS_DEPLOYMENT_TARGET = 14.4;
				MTL_ENABLE_DEBUG_INFO = NO;
				MTL_FAST_MATH = YES;
				SDKROOT = iphoneos;
				SWIFT_COMPILATION_MODE = wholemodule;
				SWIFT_OPTIMIZATION_LEVEL = "-O";
				VALIDATE_PRODUCT = YES;
			};
			name = Release;
		};
		4DE7EC0125E4FE7700DE1122 /* Debug */ = {
			isa = XCBuildConfiguration;
			buildSettings = {
				ASSETCATALOG_COMPILER_APPICON_NAME = AppIcon;
				ASSETCATALOG_COMPILER_GLOBAL_ACCENT_COLOR_NAME = AccentColor;
				CODE_SIGN_STYLE = Automatic;
				DEVELOPMENT_TEAM = GF6WZHA9DX;
				INFOPLIST_FILE = MVVM_CA_test/Info.plist;
				LD_RUNPATH_SEARCH_PATHS = (
					"$(inherited)",
					"@executable_path/Frameworks",
				);
				PRODUCT_BUNDLE_IDENTIFIER = "com.MVVM-CA.ncg.MVVM-CA-test";
				PRODUCT_NAME = "$(TARGET_NAME)";
				SWIFT_VERSION = 5.0;
				TARGETED_DEVICE_FAMILY = "1,2";
			};
			name = Debug;
		};
		4DE7EC0225E4FE7700DE1122 /* Release */ = {
			isa = XCBuildConfiguration;
			buildSettings = {
				ASSETCATALOG_COMPILER_APPICON_NAME = AppIcon;
				ASSETCATALOG_COMPILER_GLOBAL_ACCENT_COLOR_NAME = AccentColor;
				CODE_SIGN_STYLE = Automatic;
				DEVELOPMENT_TEAM = GF6WZHA9DX;
				INFOPLIST_FILE = MVVM_CA_test/Info.plist;
				LD_RUNPATH_SEARCH_PATHS = (
					"$(inherited)",
					"@executable_path/Frameworks",
				);
				PRODUCT_BUNDLE_IDENTIFIER = "com.MVVM-CA.ncg.MVVM-CA-test";
				PRODUCT_NAME = "$(TARGET_NAME)";
				SWIFT_VERSION = 5.0;
				TARGETED_DEVICE_FAMILY = "1,2";
			};
			name = Release;
		};
		4DE7EC0425E4FE7700DE1122 /* Debug */ = {
			isa = XCBuildConfiguration;
			buildSettings = {
				ALWAYS_EMBED_SWIFT_STANDARD_LIBRARIES = YES;
				BUNDLE_LOADER = "$(TEST_HOST)";
				CODE_SIGN_STYLE = Automatic;
				DEVELOPMENT_TEAM = GF6WZHA9DX;
				INFOPLIST_FILE = MVVM_CA_testTests/Info.plist;
				IPHONEOS_DEPLOYMENT_TARGET = 14.4;
				LD_RUNPATH_SEARCH_PATHS = (
					"$(inherited)",
					"@executable_path/Frameworks",
					"@loader_path/Frameworks",
				);
				PRODUCT_BUNDLE_IDENTIFIER = "com.MVVM-CA.ncg.MVVM-CA-testTests";
				PRODUCT_NAME = "$(TARGET_NAME)";
				SWIFT_VERSION = 5.0;
				TARGETED_DEVICE_FAMILY = "1,2";
				TEST_HOST = "$(BUILT_PRODUCTS_DIR)/MVVM_CA_test.app/MVVM_CA_test";
			};
			name = Debug;
		};
		4DE7EC0525E4FE7700DE1122 /* Release */ = {
			isa = XCBuildConfiguration;
			buildSettings = {
				ALWAYS_EMBED_SWIFT_STANDARD_LIBRARIES = YES;
				BUNDLE_LOADER = "$(TEST_HOST)";
				CODE_SIGN_STYLE = Automatic;
				DEVELOPMENT_TEAM = GF6WZHA9DX;
				INFOPLIST_FILE = MVVM_CA_testTests/Info.plist;
				IPHONEOS_DEPLOYMENT_TARGET = 14.4;
				LD_RUNPATH_SEARCH_PATHS = (
					"$(inherited)",
					"@executable_path/Frameworks",
					"@loader_path/Frameworks",
				);
				PRODUCT_BUNDLE_IDENTIFIER = "com.MVVM-CA.ncg.MVVM-CA-testTests";
				PRODUCT_NAME = "$(TARGET_NAME)";
				SWIFT_VERSION = 5.0;
				TARGETED_DEVICE_FAMILY = "1,2";
				TEST_HOST = "$(BUILT_PRODUCTS_DIR)/MVVM_CA_test.app/MVVM_CA_test";
			};
			name = Release;
		};
		4DE7EC0725E4FE7700DE1122 /* Debug */ = {
			isa = XCBuildConfiguration;
			buildSettings = {
				ALWAYS_EMBED_SWIFT_STANDARD_LIBRARIES = YES;
				CODE_SIGN_STYLE = Automatic;
				DEVELOPMENT_TEAM = GF6WZHA9DX;
				INFOPLIST_FILE = MVVM_CA_testUITests/Info.plist;
				LD_RUNPATH_SEARCH_PATHS = (
					"$(inherited)",
					"@executable_path/Frameworks",
					"@loader_path/Frameworks",
				);
				PRODUCT_BUNDLE_IDENTIFIER = "com.MVVM-CA.ncg.MVVM-CA-testUITests";
				PRODUCT_NAME = "$(TARGET_NAME)";
				SWIFT_VERSION = 5.0;
				TARGETED_DEVICE_FAMILY = "1,2";
				TEST_TARGET_NAME = MVVM_CA_test;
			};
			name = Debug;
		};
		4DE7EC0825E4FE7700DE1122 /* Release */ = {
			isa = XCBuildConfiguration;
			buildSettings = {
				ALWAYS_EMBED_SWIFT_STANDARD_LIBRARIES = YES;
				CODE_SIGN_STYLE = Automatic;
				DEVELOPMENT_TEAM = GF6WZHA9DX;
				INFOPLIST_FILE = MVVM_CA_testUITests/Info.plist;
				LD_RUNPATH_SEARCH_PATHS = (
					"$(inherited)",
					"@executable_path/Frameworks",
					"@loader_path/Frameworks",
				);
				PRODUCT_BUNDLE_IDENTIFIER = "com.MVVM-CA.ncg.MVVM-CA-testUITests";
				PRODUCT_NAME = "$(TARGET_NAME)";
				SWIFT_VERSION = 5.0;
				TARGETED_DEVICE_FAMILY = "1,2";
				TEST_TARGET_NAME = MVVM_CA_test;
			};
			name = Release;
		};
/* End XCBuildConfiguration section */

/* Begin XCConfigurationList section */
		4DE7EBD125E4FE7500DE1122 /* Build configuration list for PBXProject "MVVM_CA_test" */ = {
			isa = XCConfigurationList;
			buildConfigurations = (
				4DE7EBFE25E4FE7700DE1122 /* Debug */,
				4DE7EBFF25E4FE7700DE1122 /* Release */,
			);
			defaultConfigurationIsVisible = 0;
			defaultConfigurationName = Release;
		};
		4DE7EC0025E4FE7700DE1122 /* Build configuration list for PBXNativeTarget "MVVM_CA_test" */ = {
			isa = XCConfigurationList;
			buildConfigurations = (
				4DE7EC0125E4FE7700DE1122 /* Debug */,
				4DE7EC0225E4FE7700DE1122 /* Release */,
			);
			defaultConfigurationIsVisible = 0;
			defaultConfigurationName = Release;
		};
		4DE7EC0325E4FE7700DE1122 /* Build configuration list for PBXNativeTarget "MVVM_CA_testTests" */ = {
			isa = XCConfigurationList;
			buildConfigurations = (
				4DE7EC0425E4FE7700DE1122 /* Debug */,
				4DE7EC0525E4FE7700DE1122 /* Release */,
			);
			defaultConfigurationIsVisible = 0;
			defaultConfigurationName = Release;
		};
		4DE7EC0625E4FE7700DE1122 /* Build configuration list for PBXNativeTarget "MVVM_CA_testUITests" */ = {
			isa = XCConfigurationList;
			buildConfigurations = (
				4DE7EC0725E4FE7700DE1122 /* Debug */,
				4DE7EC0825E4FE7700DE1122 /* Release */,
			);
			defaultConfigurationIsVisible = 0;
			defaultConfigurationName = Release;
		};
/* End XCConfigurationList section */
	};
	rootObject = 4DE7EBCE25E4FE7500DE1122 /* Project object */;
}
